
Microsoft Visual Studio Solution File, Format Version 12.00
# Visual Studio Version 17
VisualStudioVersion = 17.14.36212.18 d17.14
MinimumVisualStudioVersion = 10.0.40219.1
Project("{FAE04EC0-301F-11D3-BF4B-00C04F79EFBC}") = "InfernoLibrary", "InfernoLibrary\InfernoLibrary.csproj", "{3B156E5F-14A3-4212-89B1-5412AB56B252}"
EndProject
Project("{FAE04EC0-301F-11D3-BF4B-00C04F79EFBC}") = "InfernoUI", "InfernoUI\InfernoUI.csproj", "{DBC19C72-56E4-4ECE-9699-AC637AF9DD1F}"
EndProject
Global
	GlobalSection(SolutionConfigurationPlatforms) = preSolution
		Debug|Any CPU = Debug|Any CPU
		Release|Any CPU = Release|Any CPU
	EndGlobalSection
	GlobalSection(ProjectConfigurationPlatforms) = postSolution
		{3B156E5F-14A3-4212-89B1-5412AB56B252}.Debug|Any CPU.ActiveCfg = Debug|Any CPU
		{3B156E5F-14A3-4212-89B1-5412AB56B252}.Debug|Any CPU.Build.0 = Debug|Any CPU
		{3B156E5F-14A3-4212-89B1-5412AB56B252}.Release|Any CPU.ActiveCfg = Release|Any CPU
		{3B156E5F-14A3-4212-89B1-5412AB56B252}.Release|Any CPU.Build.0 = Release|Any CPU
		{DBC19C72-56E4-4ECE-9699-AC637AF9DD1F}.Debug|Any CPU.ActiveCfg = Debug|Any CPU
		{DBC19C72-56E4-4ECE-9699-AC637AF9DD1F}.Debug|Any CPU.Build.0 = Debug|Any CPU
		{DBC19C72-56E4-4ECE-9699-AC637AF9DD1F}.Release|Any CPU.ActiveCfg = Release|Any CPU
		{DBC19C72-56E4-4ECE-9699-AC637AF9DD1F}.Release|Any CPU.Build.0 = Release|Any CPU
	EndGlobalSection
	GlobalSection(SolutionProperties) = preSolution
		HideSolutionNode = FALSE
	EndGlobalSection
	GlobalSection(ExtensibilityGlobals) = postSolution
		SolutionGuid = {47D51405-ADAB-48A6-8ED6-17E828A4055D}
	EndGlobalSection
EndGlobal
